
Microsoft Visual Studio Solution File, Format Version 12.00
# Visual Studio 14
VisualStudioVersion = 14.0.25420.1
MinimumVisualStudioVersion = 10.0.40219.1
Project("{D954291E-2A0B-460D-934E-DC6B0785DB48}") = "XamlAppExample", "XamlAppExample\XamlAppExample\XamlAppExample.shproj", "{E1A5EA26-A824-4383-B8AD-ECCA4AE2B448}"
EndProject
Project("{FAE04EC0-301F-11D3-BF4B-00C04F79EFBC}") = "XamlAppExample.Droid", "XamlAppExample\XamlAppExample.Droid\XamlAppExample.Droid.csproj", "{6B763A46-A7A6-4C56-912B-D8302B3E846E}"
EndProject
Project("{FAE04EC0-301F-11D3-BF4B-00C04F79EFBC}") = "XamlAppExample.iOS", "XamlAppExample\XamlAppExample.iOS\XamlAppExample.iOS.csproj", "{AACE3770-6CDB-4684-99AC-922B91C510BF}"
EndProject
Project("{FAE04EC0-301F-11D3-BF4B-00C04F79EFBC}") = "XamlAppExample.WinPhone", "XamlAppExample\XamlAppExample.WinPhone\XamlAppExample.WinPhone.csproj", "{E66EB91A-7C1A-4E87-9490-8E22A0197657}"
EndProject
Project("{FAE04EC0-301F-11D3-BF4B-00C04F79EFBC}") = "XamlAppExample.UWP", "XamlAppExample\XamlAppExample.UWP\XamlAppExample.UWP.csproj", "{323A3358-8043-4D85-9636-FC76AB38E6AA}"
EndProject
Project("{FAE04EC0-301F-11D3-BF4B-00C04F79EFBC}") = "XamlAppExample.Windows", "XamlAppExample\XamlAppExample.Windows\XamlAppExample.Windows.csproj", "{7A25FB3C-53EE-4E09-AB5A-AEBCDA8252FB}"
EndProject
Global
	GlobalSection(SharedMSBuildProjectFiles) = preSolution
		XamlAppExample\XamlAppExample\XamlAppExample.projitems*{323a3358-8043-4d85-9636-fc76ab38e6aa}*SharedItemsImports = 4
		XamlAppExample\XamlAppExample\XamlAppExample.projitems*{6b763a46-a7a6-4c56-912b-d8302b3e846e}*SharedItemsImports = 4
		XamlAppExample\XamlAppExample\XamlAppExample.projitems*{7a25fb3c-53ee-4e09-ab5a-aebcda8252fb}*SharedItemsImports = 4
		XamlAppExample\XamlAppExample\XamlAppExample.projitems*{aace3770-6cdb-4684-99ac-922b91c510bf}*SharedItemsImports = 4
		XamlAppExample\XamlAppExample\XamlAppExample.projitems*{e1a5ea26-a824-4383-b8ad-ecca4ae2b448}*SharedItemsImports = 13
		XamlAppExample\XamlAppExample\XamlAppExample.projitems*{e66eb91a-7c1a-4e87-9490-8e22a0197657}*SharedItemsImports = 4
	EndGlobalSection
	GlobalSection(SolutionConfigurationPlatforms) = preSolution
		Ad-Hoc|Any CPU = Ad-Hoc|Any CPU
		Ad-Hoc|ARM = Ad-Hoc|ARM
		Ad-Hoc|iPhone = Ad-Hoc|iPhone
		Ad-Hoc|iPhoneSimulator = Ad-Hoc|iPhoneSimulator
		Ad-Hoc|x64 = Ad-Hoc|x64
		Ad-Hoc|x86 = Ad-Hoc|x86
		AppStore|Any CPU = AppStore|Any CPU
		AppStore|ARM = AppStore|ARM
		AppStore|iPhone = AppStore|iPhone
		AppStore|iPhoneSimulator = AppStore|iPhoneSimulator
		AppStore|x64 = AppStore|x64
		AppStore|x86 = AppStore|x86
		Debug|Any CPU = Debug|Any CPU
		Debug|ARM = Debug|ARM
		Debug|iPhone = Debug|iPhone
		Debug|iPhoneSimulator = Debug|iPhoneSimulator
		Debug|x64 = Debug|x64
		Debug|x86 = Debug|x86
		Release|Any CPU = Release|Any CPU
		Release|ARM = Release|ARM
		Release|iPhone = Release|iPhone
		Release|iPhoneSimulator = Release|iPhoneSimulator
		Release|x64 = Release|x64
		Release|x86 = Release|x86
	EndGlobalSection
	GlobalSection(ProjectConfigurationPlatforms) = postSolution
		{6B763A46-A7A6-4C56-912B-D8302B3E846E}.Ad-Hoc|Any CPU.ActiveCfg = Release|Any CPU
		{6B763A46-A7A6-4C56-912B-D8302B3E846E}.Ad-Hoc|Any CPU.Build.0 = Release|Any CPU
		{6B763A46-A7A6-4C56-912B-D8302B3E846E}.Ad-Hoc|Any CPU.Deploy.0 = Release|Any CPU
		{6B763A46-A7A6-4C56-912B-D8302B3E846E}.Ad-Hoc|ARM.ActiveCfg = Release|Any CPU
		{6B763A46-A7A6-4C56-912B-D8302B3E846E}.Ad-Hoc|ARM.Build.0 = Release|Any CPU
		{6B763A46-A7A6-4C56-912B-D8302B3E846E}.Ad-Hoc|ARM.Deploy.0 = Release|Any CPU
		{6B763A46-A7A6-4C56-912B-D8302B3E846E}.Ad-Hoc|iPhone.ActiveCfg = Release|Any CPU
		{6B763A46-A7A6-4C56-912B-D8302B3E846E}.Ad-Hoc|iPhone.Build.0 = Release|Any CPU
		{6B763A46-A7A6-4C56-912B-D8302B3E846E}.Ad-Hoc|iPhone.Deploy.0 = Release|Any CPU
		{6B763A46-A7A6-4C56-912B-D8302B3E846E}.Ad-Hoc|iPhoneSimulator.ActiveCfg = Release|Any CPU
		{6B763A46-A7A6-4C56-912B-D8302B3E846E}.Ad-Hoc|iPhoneSimulator.Build.0 = Release|Any CPU
		{6B763A46-A7A6-4C56-912B-D8302B3E846E}.Ad-Hoc|iPhoneSimulator.Deploy.0 = Release|Any CPU
		{6B763A46-A7A6-4C56-912B-D8302B3E846E}.Ad-Hoc|x64.ActiveCfg = Release|Any CPU
		{6B763A46-A7A6-4C56-912B-D8302B3E846E}.Ad-Hoc|x64.Build.0 = Release|Any CPU
		{6B763A46-A7A6-4C56-912B-D8302B3E846E}.Ad-Hoc|x64.Deploy.0 = Release|Any CPU
		{6B763A46-A7A6-4C56-912B-D8302B3E846E}.Ad-Hoc|x86.ActiveCfg = Release|Any CPU
		{6B763A46-A7A6-4C56-912B-D8302B3E846E}.Ad-Hoc|x86.Build.0 = Release|Any CPU
		{6B763A46-A7A6-4C56-912B-D8302B3E846E}.Ad-Hoc|x86.Deploy.0 = Release|Any CPU
		{6B763A46-A7A6-4C56-912B-D8302B3E846E}.AppStore|Any CPU.ActiveCfg = Release|Any CPU
		{6B763A46-A7A6-4C56-912B-D8302B3E846E}.AppStore|Any CPU.Build.0 = Release|Any CPU
		{6B763A46-A7A6-4C56-912B-D8302B3E846E}.AppStore|Any CPU.Deploy.0 = Release|Any CPU
		{6B763A46-A7A6-4C56-912B-D8302B3E846E}.AppStore|ARM.ActiveCfg = Release|Any CPU
		{6B763A46-A7A6-4C56-912B-D8302B3E846E}.AppStore|ARM.Build.0 = Release|Any CPU
		{6B763A46-A7A6-4C56-912B-D8302B3E846E}.AppStore|ARM.Deploy.0 = Release|Any CPU
		{6B763A46-A7A6-4C56-912B-D8302B3E846E}.AppStore|iPhone.ActiveCfg = Release|Any CPU
		{6B763A46-A7A6-4C56-912B-D8302B3E846E}.AppStore|iPhone.Build.0 = Release|Any CPU
		{6B763A46-A7A6-4C56-912B-D8302B3E846E}.AppStore|iPhone.Deploy.0 = Release|Any CPU
		{6B763A46-A7A6-4C56-912B-D8302B3E846E}.AppStore|iPhoneSimulator.ActiveCfg = Release|Any CPU
		{6B763A46-A7A6-4C56-912B-D8302B3E846E}.AppStore|iPhoneSimulator.Build.0 = Release|Any CPU
		{6B763A46-A7A6-4C56-912B-D8302B3E846E}.AppStore|iPhoneSimulator.Deploy.0 = Release|Any CPU
		{6B763A46-A7A6-4C56-912B-D8302B3E846E}.AppStore|x64.ActiveCfg = Release|Any CPU
		{6B763A46-A7A6-4C56-912B-D8302B3E846E}.AppStore|x64.Build.0 = Release|Any CPU
		{6B763A46-A7A6-4C56-912B-D8302B3E846E}.AppStore|x64.Deploy.0 = Release|Any CPU
		{6B763A46-A7A6-4C56-912B-D8302B3E846E}.AppStore|x86.ActiveCfg = Release|Any CPU
		{6B763A46-A7A6-4C56-912B-D8302B3E846E}.AppStore|x86.Build.0 = Release|Any CPU
		{6B763A46-A7A6-4C56-912B-D8302B3E846E}.AppStore|x86.Deploy.0 = Release|Any CPU
		{6B763A46-A7A6-4C56-912B-D8302B3E846E}.Debug|Any CPU.ActiveCfg = Debug|Any CPU
		{6B763A46-A7A6-4C56-912B-D8302B3E846E}.Debug|Any CPU.Build.0 = Debug|Any CPU
		{6B763A46-A7A6-4C56-912B-D8302B3E846E}.Debug|Any CPU.Deploy.0 = Debug|Any CPU
		{6B763A46-A7A6-4C56-912B-D8302B3E846E}.Debug|ARM.ActiveCfg = Debug|Any CPU
		{6B763A46-A7A6-4C56-912B-D8302B3E846E}.Debug|ARM.Build.0 = Debug|Any CPU
		{6B763A46-A7A6-4C56-912B-D8302B3E846E}.Debug|ARM.Deploy.0 = Debug|Any CPU
		{6B763A46-A7A6-4C56-912B-D8302B3E846E}.Debug|iPhone.ActiveCfg = Debug|Any CPU
		{6B763A46-A7A6-4C56-912B-D8302B3E846E}.Debug|iPhone.Build.0 = Debug|Any CPU
		{6B763A46-A7A6-4C56-912B-D8302B3E846E}.Debug|iPhone.Deploy.0 = Debug|Any CPU
		{6B763A46-A7A6-4C56-912B-D8302B3E846E}.Debug|iPhoneSimulator.ActiveCfg = Debug|Any CPU
		{6B763A46-A7A6-4C56-912B-D8302B3E846E}.Debug|iPhoneSimulator.Build.0 = Debug|Any CPU
		{6B763A46-A7A6-4C56-912B-D8302B3E846E}.Debug|iPhoneSimulator.Deploy.0 = Debug|Any CPU
		{6B763A46-A7A6-4C56-912B-D8302B3E846E}.Debug|x64.ActiveCfg = Debug|Any CPU
		{6B763A46-A7A6-4C56-912B-D8302B3E846E}.Debug|x64.Build.0 = Debug|Any CPU
		{6B763A46-A7A6-4C56-912B-D8302B3E846E}.Debug|x64.Deploy.0 = Debug|Any CPU
		{6B763A46-A7A6-4C56-912B-D8302B3E846E}.Debug|x86.ActiveCfg = Debug|Any CPU
		{6B763A46-A7A6-4C56-912B-D8302B3E846E}.Debug|x86.Build.0 = Debug|Any CPU
		{6B763A46-A7A6-4C56-912B-D8302B3E846E}.Debug|x86.Deploy.0 = Debug|Any CPU
		{6B763A46-A7A6-4C56-912B-D8302B3E846E}.Release|Any CPU.ActiveCfg = Release|Any CPU
		{6B763A46-A7A6-4C56-912B-D8302B3E846E}.Release|Any CPU.Build.0 = Release|Any CPU
		{6B763A46-A7A6-4C56-912B-D8302B3E846E}.Release|Any CPU.Deploy.0 = Release|Any CPU
		{6B763A46-A7A6-4C56-912B-D8302B3E846E}.Release|ARM.ActiveCfg = Release|Any CPU
		{6B763A46-A7A6-4C56-912B-D8302B3E846E}.Release|ARM.Build.0 = Release|Any CPU
		{6B763A46-A7A6-4C56-912B-D8302B3E846E}.Release|ARM.Deploy.0 = Release|Any CPU
		{6B763A46-A7A6-4C56-912B-D8302B3E846E}.Release|iPhone.ActiveCfg = Release|Any CPU
		{6B763A46-A7A6-4C56-912B-D8302B3E846E}.Release|iPhone.Build.0 = Release|Any CPU
		{6B763A46-A7A6-4C56-912B-D8302B3E846E}.Release|iPhone.Deploy.0 = Release|Any CPU
		{6B763A46-A7A6-4C56-912B-D8302B3E846E}.Release|iPhoneSimulator.ActiveCfg = Release|Any CPU
		{6B763A46-A7A6-4C56-912B-D8302B3E846E}.Release|iPhoneSimulator.Build.0 = Release|Any CPU
		{6B763A46-A7A6-4C56-912B-D8302B3E846E}.Release|iPhoneSimulator.Deploy.0 = Release|Any CPU
		{6B763A46-A7A6-4C56-912B-D8302B3E846E}.Release|x64.ActiveCfg = Release|Any CPU
		{6B763A46-A7A6-4C56-912B-D8302B3E846E}.Release|x64.Build.0 = Release|Any CPU
		{6B763A46-A7A6-4C56-912B-D8302B3E846E}.Release|x64.Deploy.0 = Release|Any CPU
		{6B763A46-A7A6-4C56-912B-D8302B3E846E}.Release|x86.ActiveCfg = Release|Any CPU
		{6B763A46-A7A6-4C56-912B-D8302B3E846E}.Release|x86.Build.0 = Release|Any CPU
		{6B763A46-A7A6-4C56-912B-D8302B3E846E}.Release|x86.Deploy.0 = Release|Any CPU
		{AACE3770-6CDB-4684-99AC-922B91C510BF}.Ad-Hoc|Any CPU.ActiveCfg = Ad-Hoc|iPhone
		{AACE3770-6CDB-4684-99AC-922B91C510BF}.Ad-Hoc|ARM.ActiveCfg = Ad-Hoc|iPhone
		{AACE3770-6CDB-4684-99AC-922B91C510BF}.Ad-Hoc|iPhone.ActiveCfg = Ad-Hoc|iPhone
		{AACE3770-6CDB-4684-99AC-922B91C510BF}.Ad-Hoc|iPhone.Build.0 = Ad-Hoc|iPhone
		{AACE3770-6CDB-4684-99AC-922B91C510BF}.Ad-Hoc|iPhoneSimulator.ActiveCfg = Ad-Hoc|iPhoneSimulator
		{AACE3770-6CDB-4684-99AC-922B91C510BF}.Ad-Hoc|iPhoneSimulator.Build.0 = Ad-Hoc|iPhoneSimulator
		{AACE3770-6CDB-4684-99AC-922B91C510BF}.Ad-Hoc|x64.ActiveCfg = Ad-Hoc|iPhone
		{AACE3770-6CDB-4684-99AC-922B91C510BF}.Ad-Hoc|x86.ActiveCfg = Ad-Hoc|iPhone
		{AACE3770-6CDB-4684-99AC-922B91C510BF}.AppStore|Any CPU.ActiveCfg = AppStore|iPhone
		{AACE3770-6CDB-4684-99AC-922B91C510BF}.AppStore|ARM.ActiveCfg = AppStore|iPhone
		{AACE3770-6CDB-4684-99AC-922B91C510BF}.AppStore|iPhone.ActiveCfg = AppStore|iPhone
		{AACE3770-6CDB-4684-99AC-922B91C510BF}.AppStore|iPhone.Build.0 = AppStore|iPhone
		{AACE3770-6CDB-4684-99AC-922B91C510BF}.AppStore|iPhoneSimulator.ActiveCfg = AppStore|iPhoneSimulator
		{AACE3770-6CDB-4684-99AC-922B91C510BF}.AppStore|iPhoneSimulator.Build.0 = AppStore|iPhoneSimulator
		{AACE3770-6CDB-4684-99AC-922B91C510BF}.AppStore|x64.ActiveCfg = AppStore|iPhone
		{AACE3770-6CDB-4684-99AC-922B91C510BF}.AppStore|x86.ActiveCfg = AppStore|iPhone
		{AACE3770-6CDB-4684-99AC-922B91C510BF}.Debug|Any CPU.ActiveCfg = Debug|iPhone
		{AACE3770-6CDB-4684-99AC-922B91C510BF}.Debug|ARM.ActiveCfg = Debug|iPhone
		{AACE3770-6CDB-4684-99AC-922B91C510BF}.Debug|iPhone.ActiveCfg = Debug|iPhone
		{AACE3770-6CDB-4684-99AC-922B91C510BF}.Debug|iPhoneSimulator.ActiveCfg = Debug|iPhoneSimulator
		{AACE3770-6CDB-4684-99AC-922B91C510BF}.Debug|iPhoneSimulator.Build.0 = Debug|iPhoneSimulator
		{AACE3770-6CDB-4684-99AC-922B91C510BF}.Debug|x64.ActiveCfg = Debug|iPhone
		{AACE3770-6CDB-4684-99AC-922B91C510BF}.Debug|x86.ActiveCfg = Debug|iPhone
		{AACE3770-6CDB-4684-99AC-922B91C510BF}.Release|Any CPU.ActiveCfg = Release|iPhone
		{AACE3770-6CDB-4684-99AC-922B91C510BF}.Release|ARM.ActiveCfg = Release|iPhone
		{AACE3770-6CDB-4684-99AC-922B91C510BF}.Release|iPhone.ActiveCfg = Release|iPhone
		{AACE3770-6CDB-4684-99AC-922B91C510BF}.Release|iPhone.Build.0 = Release|iPhone
		{AACE3770-6CDB-4684-99AC-922B91C510BF}.Release|iPhoneSimulator.ActiveCfg = Release|iPhoneSimulator
		{AACE3770-6CDB-4684-99AC-922B91C510BF}.Release|iPhoneSimulator.Build.0 = Release|iPhoneSimulator
		{AACE3770-6CDB-4684-99AC-922B91C510BF}.Release|x64.ActiveCfg = Release|iPhone
		{AACE3770-6CDB-4684-99AC-922B91C510BF}.Release|x86.ActiveCfg = Release|iPhone
		{E66EB91A-7C1A-4E87-9490-8E22A0197657}.Ad-Hoc|Any CPU.ActiveCfg = Release|Any CPU
		{E66EB91A-7C1A-4E87-9490-8E22A0197657}.Ad-Hoc|Any CPU.Build.0 = Release|Any CPU
		{E66EB91A-7C1A-4E87-9490-8E22A0197657}.Ad-Hoc|Any CPU.Deploy.0 = Release|Any CPU
		{E66EB91A-7C1A-4E87-9490-8E22A0197657}.Ad-Hoc|ARM.ActiveCfg = Release|ARM
		{E66EB91A-7C1A-4E87-9490-8E22A0197657}.Ad-Hoc|ARM.Build.0 = Release|ARM
		{E66EB91A-7C1A-4E87-9490-8E22A0197657}.Ad-Hoc|ARM.Deploy.0 = Release|ARM
		{E66EB91A-7C1A-4E87-9490-8E22A0197657}.Ad-Hoc|iPhone.ActiveCfg = Release|Any CPU
		{E66EB91A-7C1A-4E87-9490-8E22A0197657}.Ad-Hoc|iPhone.Build.0 = Release|Any CPU
		{E66EB91A-7C1A-4E87-9490-8E22A0197657}.Ad-Hoc|iPhone.Deploy.0 = Release|Any CPU
		{E66EB91A-7C1A-4E87-9490-8E22A0197657}.Ad-Hoc|iPhoneSimulator.ActiveCfg = Release|Any CPU
		{E66EB91A-7C1A-4E87-9490-8E22A0197657}.Ad-Hoc|iPhoneSimulator.Build.0 = Release|Any CPU
		{E66EB91A-7C1A-4E87-9490-8E22A0197657}.Ad-Hoc|iPhoneSimulator.Deploy.0 = Release|Any CPU
		{E66EB91A-7C1A-4E87-9490-8E22A0197657}.Ad-Hoc|x64.ActiveCfg = Release|Any CPU
		{E66EB91A-7C1A-4E87-9490-8E22A0197657}.Ad-Hoc|x64.Build.0 = Release|Any CPU
		{E66EB91A-7C1A-4E87-9490-8E22A0197657}.Ad-Hoc|x64.Deploy.0 = Release|Any CPU
		{E66EB91A-7C1A-4E87-9490-8E22A0197657}.Ad-Hoc|x86.ActiveCfg = Release|x86
		{E66EB91A-7C1A-4E87-9490-8E22A0197657}.Ad-Hoc|x86.Build.0 = Release|x86
		{E66EB91A-7C1A-4E87-9490-8E22A0197657}.Ad-Hoc|x86.Deploy.0 = Release|x86
		{E66EB91A-7C1A-4E87-9490-8E22A0197657}.AppStore|Any CPU.ActiveCfg = Release|Any CPU
		{E66EB91A-7C1A-4E87-9490-8E22A0197657}.AppStore|Any CPU.Build.0 = Release|Any CPU
		{E66EB91A-7C1A-4E87-9490-8E22A0197657}.AppStore|Any CPU.Deploy.0 = Release|Any CPU
		{E66EB91A-7C1A-4E87-9490-8E22A0197657}.AppStore|ARM.ActiveCfg = Release|ARM
		{E66EB91A-7C1A-4E87-9490-8E22A0197657}.AppStore|ARM.Build.0 = Release|ARM
		{E66EB91A-7C1A-4E87-9490-8E22A0197657}.AppStore|ARM.Deploy.0 = Release|ARM
		{E66EB91A-7C1A-4E87-9490-8E22A0197657}.AppStore|iPhone.ActiveCfg = Release|Any CPU
		{E66EB91A-7C1A-4E87-9490-8E22A0197657}.AppStore|iPhone.Build.0 = Release|Any CPU
		{E66EB91A-7C1A-4E87-9490-8E22A0197657}.AppStore|iPhone.Deploy.0 = Release|Any CPU
		{E66EB91A-7C1A-4E87-9490-8E22A0197657}.AppStore|iPhoneSimulator.ActiveCfg = Release|Any CPU
		{E66EB91A-7C1A-4E87-9490-8E22A0197657}.AppStore|iPhoneSimulator.Build.0 = Release|Any CPU
		{E66EB91A-7C1A-4E87-9490-8E22A0197657}.AppStore|iPhoneSimulator.Deploy.0 = Release|Any CPU
		{E66EB91A-7C1A-4E87-9490-8E22A0197657}.AppStore|x64.ActiveCfg = Release|Any CPU
		{E66EB91A-7C1A-4E87-9490-8E22A0197657}.AppStore|x64.Build.0 = Release|Any CPU
		{E66EB91A-7C1A-4E87-9490-8E22A0197657}.AppStore|x64.Deploy.0 = Release|Any CPU
		{E66EB91A-7C1A-4E87-9490-8E22A0197657}.AppStore|x86.ActiveCfg = Release|x86
		{E66EB91A-7C1A-4E87-9490-8E22A0197657}.AppStore|x86.Build.0 = Release|x86
		{E66EB91A-7C1A-4E87-9490-8E22A0197657}.AppStore|x86.Deploy.0 = Release|x86
		{E66EB91A-7C1A-4E87-9490-8E22A0197657}.Debug|Any CPU.ActiveCfg = Debug|Any CPU
		{E66EB91A-7C1A-4E87-9490-8E22A0197657}.Debug|Any CPU.Build.0 = Debug|Any CPU
		{E66EB91A-7C1A-4E87-9490-8E22A0197657}.Debug|Any CPU.Deploy.0 = Debug|Any CPU
		{E66EB91A-7C1A-4E87-9490-8E22A0197657}.Debug|ARM.ActiveCfg = Debug|ARM
		{E66EB91A-7C1A-4E87-9490-8E22A0197657}.Debug|ARM.Build.0 = Debug|ARM
		{E66EB91A-7C1A-4E87-9490-8E22A0197657}.Debug|ARM.Deploy.0 = Debug|ARM
		{E66EB91A-7C1A-4E87-9490-8E22A0197657}.Debug|iPhone.ActiveCfg = Debug|Any CPU
		{E66EB91A-7C1A-4E87-9490-8E22A0197657}.Debug|iPhoneSimulator.ActiveCfg = Debug|Any CPU
		{E66EB91A-7C1A-4E87-9490-8E22A0197657}.Debug|iPhoneSimulator.Build.0 = Debug|Any CPU
		{E66EB91A-7C1A-4E87-9490-8E22A0197657}.Debug|iPhoneSimulator.Deploy.0 = Debug|Any CPU
		{E66EB91A-7C1A-4E87-9490-8E22A0197657}.Debug|x64.ActiveCfg = Debug|Any CPU
		{E66EB91A-7C1A-4E87-9490-8E22A0197657}.Debug|x64.Build.0 = Debug|Any CPU
		{E66EB91A-7C1A-4E87-9490-8E22A0197657}.Debug|x64.Deploy.0 = Debug|Any CPU
		{E66EB91A-7C1A-4E87-9490-8E22A0197657}.Debug|x86.ActiveCfg = Debug|x86
		{E66EB91A-7C1A-4E87-9490-8E22A0197657}.Debug|x86.Build.0 = Debug|x86
		{E66EB91A-7C1A-4E87-9490-8E22A0197657}.Debug|x86.Deploy.0 = Debug|x86
		{E66EB91A-7C1A-4E87-9490-8E22A0197657}.Release|Any CPU.ActiveCfg = Release|Any CPU
		{E66EB91A-7C1A-4E87-9490-8E22A0197657}.Release|Any CPU.Build.0 = Release|Any CPU
		{E66EB91A-7C1A-4E87-9490-8E22A0197657}.Release|Any CPU.Deploy.0 = Release|Any CPU
		{E66EB91A-7C1A-4E87-9490-8E22A0197657}.Release|ARM.ActiveCfg = Release|ARM
		{E66EB91A-7C1A-4E87-9490-8E22A0197657}.Release|ARM.Build.0 = Release|ARM
		{E66EB91A-7C1A-4E87-9490-8E22A0197657}.Release|ARM.Deploy.0 = Release|ARM
		{E66EB91A-7C1A-4E87-9490-8E22A0197657}.Release|iPhone.ActiveCfg = Release|Any CPU
		{E66EB91A-7C1A-4E87-9490-8E22A0197657}.Release|iPhone.Build.0 = Release|Any CPU
		{E66EB91A-7C1A-4E87-9490-8E22A0197657}.Release|iPhone.Deploy.0 = Release|Any CPU
		{E66EB91A-7C1A-4E87-9490-8E22A0197657}.Release|iPhoneSimulator.ActiveCfg = Release|Any CPU
		{E66EB91A-7C1A-4E87-9490-8E22A0197657}.Release|iPhoneSimulator.Build.0 = Release|Any CPU
		{E66EB91A-7C1A-4E87-9490-8E22A0197657}.Release|iPhoneSimulator.Deploy.0 = Release|Any CPU
		{E66EB91A-7C1A-4E87-9490-8E22A0197657}.Release|x64.ActiveCfg = Release|Any CPU
		{E66EB91A-7C1A-4E87-9490-8E22A0197657}.Release|x64.Build.0 = Release|Any CPU
		{E66EB91A-7C1A-4E87-9490-8E22A0197657}.Release|x64.Deploy.0 = Release|Any CPU
		{E66EB91A-7C1A-4E87-9490-8E22A0197657}.Release|x86.ActiveCfg = Release|x86
		{E66EB91A-7C1A-4E87-9490-8E22A0197657}.Release|x86.Build.0 = Release|x86
		{E66EB91A-7C1A-4E87-9490-8E22A0197657}.Release|x86.Deploy.0 = Release|x86
		{323A3358-8043-4D85-9636-FC76AB38E6AA}.Ad-Hoc|Any CPU.ActiveCfg = Release|x86
		{323A3358-8043-4D85-9636-FC76AB38E6AA}.Ad-Hoc|Any CPU.Build.0 = Release|x86
		{323A3358-8043-4D85-9636-FC76AB38E6AA}.Ad-Hoc|Any CPU.Deploy.0 = Release|x86
		{323A3358-8043-4D85-9636-FC76AB38E6AA}.Ad-Hoc|ARM.ActiveCfg = Release|ARM
		{323A3358-8043-4D85-9636-FC76AB38E6AA}.Ad-Hoc|ARM.Build.0 = Release|ARM
		{323A3358-8043-4D85-9636-FC76AB38E6AA}.Ad-Hoc|ARM.Deploy.0 = Release|ARM
		{323A3358-8043-4D85-9636-FC76AB38E6AA}.Ad-Hoc|iPhone.ActiveCfg = Release|x86
		{323A3358-8043-4D85-9636-FC76AB38E6AA}.Ad-Hoc|iPhone.Build.0 = Release|x86
		{323A3358-8043-4D85-9636-FC76AB38E6AA}.Ad-Hoc|iPhone.Deploy.0 = Release|x86
		{323A3358-8043-4D85-9636-FC76AB38E6AA}.Ad-Hoc|iPhoneSimulator.ActiveCfg = Release|x86
		{323A3358-8043-4D85-9636-FC76AB38E6AA}.Ad-Hoc|iPhoneSimulator.Build.0 = Release|x86
		{323A3358-8043-4D85-9636-FC76AB38E6AA}.Ad-Hoc|iPhoneSimulator.Deploy.0 = Release|x86
		{323A3358-8043-4D85-9636-FC76AB38E6AA}.Ad-Hoc|x64.ActiveCfg = Release|x64
		{323A3358-8043-4D85-9636-FC76AB38E6AA}.Ad-Hoc|x64.Build.0 = Release|x64
		{323A3358-8043-4D85-9636-FC76AB38E6AA}.Ad-Hoc|x64.Deploy.0 = Release|x64
		{323A3358-8043-4D85-9636-FC76AB38E6AA}.Ad-Hoc|x86.ActiveCfg = Release|x86
		{323A3358-8043-4D85-9636-FC76AB38E6AA}.Ad-Hoc|x86.Build.0 = Release|x86
		{323A3358-8043-4D85-9636-FC76AB38E6AA}.Ad-Hoc|x86.Deploy.0 = Release|x86
		{323A3358-8043-4D85-9636-FC76AB38E6AA}.AppStore|Any CPU.ActiveCfg = Release|x86
		{323A3358-8043-4D85-9636-FC76AB38E6AA}.AppStore|Any CPU.Build.0 = Release|x86
		{323A3358-8043-4D85-9636-FC76AB38E6AA}.AppStore|Any CPU.Deploy.0 = Release|x86
		{323A3358-8043-4D85-9636-FC76AB38E6AA}.AppStore|ARM.ActiveCfg = Release|ARM
		{323A3358-8043-4D85-9636-FC76AB38E6AA}.AppStore|ARM.Build.0 = Release|ARM
		{323A3358-8043-4D85-9636-FC76AB38E6AA}.AppStore|ARM.Deploy.0 = Release|ARM
		{323A3358-8043-4D85-9636-FC76AB38E6AA}.AppStore|iPhone.ActiveCfg = Release|x86
		{323A3358-8043-4D85-9636-FC76AB38E6AA}.AppStore|iPhone.Build.0 = Release|x86
		{323A3358-8043-4D85-9636-FC76AB38E6AA}.AppStore|iPhone.Deploy.0 = Release|x86
		{323A3358-8043-4D85-9636-FC76AB38E6AA}.AppStore|iPhoneSimulator.ActiveCfg = Release|x86
		{323A3358-8043-4D85-9636-FC76AB38E6AA}.AppStore|iPhoneSimulator.Build.0 = Release|x86
		{323A3358-8043-4D85-9636-FC76AB38E6AA}.AppStore|iPhoneSimulator.Deploy.0 = Release|x86
		{323A3358-8043-4D85-9636-FC76AB38E6AA}.AppStore|x64.ActiveCfg = Release|x64
		{323A3358-8043-4D85-9636-FC76AB38E6AA}.AppStore|x64.Build.0 = Release|x64
		{323A3358-8043-4D85-9636-FC76AB38E6AA}.AppStore|x64.Deploy.0 = Release|x64
		{323A3358-8043-4D85-9636-FC76AB38E6AA}.AppStore|x86.ActiveCfg = Release|x86
		{323A3358-8043-4D85-9636-FC76AB38E6AA}.AppStore|x86.Build.0 = Release|x86
		{323A3358-8043-4D85-9636-FC76AB38E6AA}.AppStore|x86.Deploy.0 = Release|x86
		{323A3358-8043-4D85-9636-FC76AB38E6AA}.Debug|Any CPU.ActiveCfg = Debug|x86
		{323A3358-8043-4D85-9636-FC76AB38E6AA}.Debug|ARM.ActiveCfg = Debug|ARM
		{323A3358-8043-4D85-9636-FC76AB38E6AA}.Debug|ARM.Build.0 = Debug|ARM
		{323A3358-8043-4D85-9636-FC76AB38E6AA}.Debug|ARM.Deploy.0 = Debug|ARM
		{323A3358-8043-4D85-9636-FC76AB38E6AA}.Debug|iPhone.ActiveCfg = Debug|x86
		{323A3358-8043-4D85-9636-FC76AB38E6AA}.Debug|iPhone.Build.0 = Debug|x86
		{323A3358-8043-4D85-9636-FC76AB38E6AA}.Debug|iPhone.Deploy.0 = Debug|x86
		{323A3358-8043-4D85-9636-FC76AB38E6AA}.Debug|iPhoneSimulator.ActiveCfg = Debug|x86
		{323A3358-8043-4D85-9636-FC76AB38E6AA}.Debug|x64.ActiveCfg = Debug|x64
		{323A3358-8043-4D85-9636-FC76AB38E6AA}.Debug|x64.Build.0 = Debug|x64
		{323A3358-8043-4D85-9636-FC76AB38E6AA}.Debug|x64.Deploy.0 = Debug|x64
		{323A3358-8043-4D85-9636-FC76AB38E6AA}.Debug|x86.ActiveCfg = Debug|x86
		{323A3358-8043-4D85-9636-FC76AB38E6AA}.Debug|x86.Build.0 = Debug|x86
		{323A3358-8043-4D85-9636-FC76AB38E6AA}.Debug|x86.Deploy.0 = Debug|x86
		{323A3358-8043-4D85-9636-FC76AB38E6AA}.Release|Any CPU.ActiveCfg = Release|x86
		{323A3358-8043-4D85-9636-FC76AB38E6AA}.Release|ARM.ActiveCfg = Release|ARM
		{323A3358-8043-4D85-9636-FC76AB38E6AA}.Release|ARM.Build.0 = Release|ARM
		{323A3358-8043-4D85-9636-FC76AB38E6AA}.Release|ARM.Deploy.0 = Release|ARM
		{323A3358-8043-4D85-9636-FC76AB38E6AA}.Release|iPhone.ActiveCfg = Release|x86
		{323A3358-8043-4D85-9636-FC76AB38E6AA}.Release|iPhoneSimulator.ActiveCfg = Release|x86
		{323A3358-8043-4D85-9636-FC76AB38E6AA}.Release|x64.ActiveCfg = Release|x64
		{323A3358-8043-4D85-9636-FC76AB38E6AA}.Release|x64.Build.0 = Release|x64
		{323A3358-8043-4D85-9636-FC76AB38E6AA}.Release|x64.Deploy.0 = Release|x64
		{323A3358-8043-4D85-9636-FC76AB38E6AA}.Release|x86.ActiveCfg = Release|x86
		{323A3358-8043-4D85-9636-FC76AB38E6AA}.Release|x86.Build.0 = Release|x86
		{323A3358-8043-4D85-9636-FC76AB38E6AA}.Release|x86.Deploy.0 = Release|x86
		{7A25FB3C-53EE-4E09-AB5A-AEBCDA8252FB}.Ad-Hoc|Any CPU.ActiveCfg = Release|Any CPU
		{7A25FB3C-53EE-4E09-AB5A-AEBCDA8252FB}.Ad-Hoc|Any CPU.Build.0 = Release|Any CPU
		{7A25FB3C-53EE-4E09-AB5A-AEBCDA8252FB}.Ad-Hoc|Any CPU.Deploy.0 = Release|Any CPU
		{7A25FB3C-53EE-4E09-AB5A-AEBCDA8252FB}.Ad-Hoc|ARM.ActiveCfg = Release|ARM
		{7A25FB3C-53EE-4E09-AB5A-AEBCDA8252FB}.Ad-Hoc|ARM.Build.0 = Release|ARM
		{7A25FB3C-53EE-4E09-AB5A-AEBCDA8252FB}.Ad-Hoc|ARM.Deploy.0 = Release|ARM
		{7A25FB3C-53EE-4E09-AB5A-AEBCDA8252FB}.Ad-Hoc|iPhone.ActiveCfg = Release|Any CPU
		{7A25FB3C-53EE-4E09-AB5A-AEBCDA8252FB}.Ad-Hoc|iPhone.Build.0 = Release|Any CPU
		{7A25FB3C-53EE-4E09-AB5A-AEBCDA8252FB}.Ad-Hoc|iPhone.Deploy.0 = Release|Any CPU
		{7A25FB3C-53EE-4E09-AB5A-AEBCDA8252FB}.Ad-Hoc|iPhoneSimulator.ActiveCfg = Release|Any CPU
		{7A25FB3C-53EE-4E09-AB5A-AEBCDA8252FB}.Ad-Hoc|iPhoneSimulator.Build.0 = Release|Any CPU
		{7A25FB3C-53EE-4E09-AB5A-AEBCDA8252FB}.Ad-Hoc|iPhoneSimulator.Deploy.0 = Release|Any CPU
		{7A25FB3C-53EE-4E09-AB5A-AEBCDA8252FB}.Ad-Hoc|x64.ActiveCfg = Release|x64
		{7A25FB3C-53EE-4E09-AB5A-AEBCDA8252FB}.Ad-Hoc|x64.Build.0 = Release|x64
		{7A25FB3C-53EE-4E09-AB5A-AEBCDA8252FB}.Ad-Hoc|x64.Deploy.0 = Release|x64
		{7A25FB3C-53EE-4E09-AB5A-AEBCDA8252FB}.Ad-Hoc|x86.ActiveCfg = Release|x86
		{7A25FB3C-53EE-4E09-AB5A-AEBCDA8252FB}.Ad-Hoc|x86.Build.0 = Release|x86
		{7A25FB3C-53EE-4E09-AB5A-AEBCDA8252FB}.Ad-Hoc|x86.Deploy.0 = Release|x86
		{7A25FB3C-53EE-4E09-AB5A-AEBCDA8252FB}.AppStore|Any CPU.ActiveCfg = Release|Any CPU
		{7A25FB3C-53EE-4E09-AB5A-AEBCDA8252FB}.AppStore|Any CPU.Build.0 = Release|Any CPU
		{7A25FB3C-53EE-4E09-AB5A-AEBCDA8252FB}.AppStore|Any CPU.Deploy.0 = Release|Any CPU
		{7A25FB3C-53EE-4E09-AB5A-AEBCDA8252FB}.AppStore|ARM.ActiveCfg = Release|ARM
		{7A25FB3C-53EE-4E09-AB5A-AEBCDA8252FB}.AppStore|ARM.Build.0 = Release|ARM
		{7A25FB3C-53EE-4E09-AB5A-AEBCDA8252FB}.AppStore|ARM.Deploy.0 = Release|ARM
		{7A25FB3C-53EE-4E09-AB5A-AEBCDA8252FB}.AppStore|iPhone.ActiveCfg = Release|Any CPU
		{7A25FB3C-53EE-4E09-AB5A-AEBCDA8252FB}.AppStore|iPhone.Build.0 = Release|Any CPU
		{7A25FB3C-53EE-4E09-AB5A-AEBCDA8252FB}.AppStore|iPhone.Deploy.0 = Release|Any CPU
		{7A25FB3C-53EE-4E09-AB5A-AEBCDA8252FB}.AppStore|iPhoneSimulator.ActiveCfg = Release|Any CPU
		{7A25FB3C-53EE-4E09-AB5A-AEBCDA8252FB}.AppStore|iPhoneSimulator.Build.0 = Release|Any CPU
		{7A25FB3C-53EE-4E09-AB5A-AEBCDA8252FB}.AppStore|iPhoneSimulator.Deploy.0 = Release|Any CPU
		{7A25FB3C-53EE-4E09-AB5A-AEBCDA8252FB}.AppStore|x64.ActiveCfg = Release|x64
		{7A25FB3C-53EE-4E09-AB5A-AEBCDA8252FB}.AppStore|x64.Build.0 = Release|x64
		{7A25FB3C-53EE-4E09-AB5A-AEBCDA8252FB}.AppStore|x64.Deploy.0 = Release|x64
		{7A25FB3C-53EE-4E09-AB5A-AEBCDA8252FB}.AppStore|x86.ActiveCfg = Release|x86
		{7A25FB3C-53EE-4E09-AB5A-AEBCDA8252FB}.AppStore|x86.Build.0 = Release|x86
		{7A25FB3C-53EE-4E09-AB5A-AEBCDA8252FB}.AppStore|x86.Deploy.0 = Release|x86
		{7A25FB3C-53EE-4E09-AB5A-AEBCDA8252FB}.Debug|Any CPU.ActiveCfg = Debug|Any CPU
		{7A25FB3C-53EE-4E09-AB5A-AEBCDA8252FB}.Debug|Any CPU.Build.0 = Debug|Any CPU
		{7A25FB3C-53EE-4E09-AB5A-AEBCDA8252FB}.Debug|Any CPU.Deploy.0 = Debug|Any CPU
		{7A25FB3C-53EE-4E09-AB5A-AEBCDA8252FB}.Debug|ARM.ActiveCfg = Debug|ARM
		{7A25FB3C-53EE-4E09-AB5A-AEBCDA8252FB}.Debug|ARM.Build.0 = Debug|ARM
		{7A25FB3C-53EE-4E09-AB5A-AEBCDA8252FB}.Debug|ARM.Deploy.0 = Debug|ARM
		{7A25FB3C-53EE-4E09-AB5A-AEBCDA8252FB}.Debug|iPhone.ActiveCfg = Debug|Any CPU
		{7A25FB3C-53EE-4E09-AB5A-AEBCDA8252FB}.Debug|iPhoneSimulator.ActiveCfg = Debug|Any CPU
		{7A25FB3C-53EE-4E09-AB5A-AEBCDA8252FB}.Debug|iPhoneSimulator.Build.0 = Debug|Any CPU
		{7A25FB3C-53EE-4E09-AB5A-AEBCDA8252FB}.Debug|iPhoneSimulator.Deploy.0 = Debug|Any CPU
		{7A25FB3C-53EE-4E09-AB5A-AEBCDA8252FB}.Debug|x64.ActiveCfg = Debug|x64
		{7A25FB3C-53EE-4E09-AB5A-AEBCDA8252FB}.Debug|x64.Build.0 = Debug|x64
		{7A25FB3C-53EE-4E09-AB5A-AEBCDA8252FB}.Debug|x64.Deploy.0 = Debug|x64
		{7A25FB3C-53EE-4E09-AB5A-AEBCDA8252FB}.Debug|x86.ActiveCfg = Debug|x86
		{7A25FB3C-53EE-4E09-AB5A-AEBCDA8252FB}.Debug|x86.Build.0 = Debug|x86
		{7A25FB3C-53EE-4E09-AB5A-AEBCDA8252FB}.Debug|x86.Deploy.0 = Debug|x86
		{7A25FB3C-53EE-4E09-AB5A-AEBCDA8252FB}.Release|Any CPU.ActiveCfg = Release|Any CPU
		{7A25FB3C-53EE-4E09-AB5A-AEBCDA8252FB}.Release|Any CPU.Build.0 = Release|Any CPU
		{7A25FB3C-53EE-4E09-AB5A-AEBCDA8252FB}.Release|Any CPU.Deploy.0 = Release|Any CPU
		{7A25FB3C-53EE-4E09-AB5A-AEBCDA8252FB}.Release|ARM.ActiveCfg = Release|ARM
		{7A25FB3C-53EE-4E09-AB5A-AEBCDA8252FB}.Release|ARM.Build.0 = Release|ARM
		{7A25FB3C-53EE-4E09-AB5A-AEBCDA8252FB}.Release|ARM.Deploy.0 = Release|ARM
		{7A25FB3C-53EE-4E09-AB5A-AEBCDA8252FB}.Release|iPhone.ActiveCfg = Release|Any CPU
		{7A25FB3C-53EE-4E09-AB5A-AEBCDA8252FB}.Release|iPhone.Build.0 = Release|Any CPU
		{7A25FB3C-53EE-4E09-AB5A-AEBCDA8252FB}.Release|iPhone.Deploy.0 = Release|Any CPU
		{7A25FB3C-53EE-4E09-AB5A-AEBCDA8252FB}.Release|iPhoneSimulator.ActiveCfg = Release|Any CPU
		{7A25FB3C-53EE-4E09-AB5A-AEBCDA8252FB}.Release|iPhoneSimulator.Build.0 = Release|Any CPU
		{7A25FB3C-53EE-4E09-AB5A-AEBCDA8252FB}.Release|iPhoneSimulator.Deploy.0 = Release|Any CPU
		{7A25FB3C-53EE-4E09-AB5A-AEBCDA8252FB}.Release|x64.ActiveCfg = Release|x64
		{7A25FB3C-53EE-4E09-AB5A-AEBCDA8252FB}.Release|x64.Build.0 = Release|x64
		{7A25FB3C-53EE-4E09-AB5A-AEBCDA8252FB}.Release|x64.Deploy.0 = Release|x64
		{7A25FB3C-53EE-4E09-AB5A-AEBCDA8252FB}.Release|x86.ActiveCfg = Release|x86
		{7A25FB3C-53EE-4E09-AB5A-AEBCDA8252FB}.Release|x86.Build.0 = Release|x86
		{7A25FB3C-53EE-4E09-AB5A-AEBCDA8252FB}.Release|x86.Deploy.0 = Release|x86
	EndGlobalSection
	GlobalSection(SolutionProperties) = preSolution
		HideSolutionNode = FALSE
	EndGlobalSection
EndGlobal
